
Microsoft Visual Studio Solution File, Format Version 12.00
# Visual Studio 15
VisualStudioVersion = 15.0.27703.2026
MinimumVisualStudioVersion = 10.0.40219.1
Project("{FAE04EC0-301F-11D3-BF4B-00C04F79EFBC}") = "AboutMeQuiz", "AboutMeQuiz\AboutMeQuiz.csproj", "{69999B90-D3DD-421C-AE83-DBA764187CDD}"
EndProject
Global
	GlobalSection(SolutionConfigurationPlatforms) = preSolution
		Debug|Any CPU = Debug|Any CPU
		Release|Any CPU = Release|Any CPU
	EndGlobalSection
	GlobalSection(ProjectConfigurationPlatforms) = postSolution
		{69999B90-D3DD-421C-AE83-DBA764187CDD}.Debug|Any CPU.ActiveCfg = Debug|Any CPU
		{69999B90-D3DD-421C-AE83-DBA764187CDD}.Debug|Any CPU.Build.0 = Debug|Any CPU
		{69999B90-D3DD-421C-AE83-DBA764187CDD}.Release|Any CPU.ActiveCfg = Release|Any CPU
		{69999B90-D3DD-421C-AE83-DBA764187CDD}.Release|Any CPU.Build.0 = Release|Any CPU
	EndGlobalSection
	GlobalSection(SolutionProperties) = preSolution
		HideSolutionNode = FALSE
	EndGlobalSection
	GlobalSection(ExtensibilityGlobals) = postSolution
		SolutionGuid = {A3855794-84F1-4697-BC09-86FF137A4B77}
	EndGlobalSection
EndGlobal
